
Microsoft Visual Studio Solution File, Format Version 12.00
# Visual Studio 15
VisualStudioVersion = 15.0.27009.1
MinimumVisualStudioVersion = 10.0.40219.1
Project("{FAE04EC0-301F-11D3-BF4B-00C04F79EFBC}") = "AutmationIdTest.Android", "AutmationIdTest\AutmationIdTest.Android\AutmationIdTest.Android.csproj", "{4B5CE5EF-5C36-49F1-99F4-238210AB22A2}"
EndProject
Project("{FAE04EC0-301F-11D3-BF4B-00C04F79EFBC}") = "AutmationIdTest", "AutmationIdTest\AutmationIdTest\AutmationIdTest.csproj", "{8EB5478E-451B-48AF-95C9-5E56C02BA045}"
EndProject
Project("{FAE04EC0-301F-11D3-BF4B-00C04F79EFBC}") = "AutmationIdTest.iOS", "AutmationIdTest\AutmationIdTest.iOS\AutmationIdTest.iOS.csproj", "{E97791B2-FCA7-4808-B545-338D54D42EC4}"
EndProject
Global
	GlobalSection(SolutionConfigurationPlatforms) = preSolution
		Ad-Hoc|Any CPU = Ad-Hoc|Any CPU
		Ad-Hoc|iPhone = Ad-Hoc|iPhone
		Ad-Hoc|iPhoneSimulator = Ad-Hoc|iPhoneSimulator
		AppStore|Any CPU = AppStore|Any CPU
		AppStore|iPhone = AppStore|iPhone
		AppStore|iPhoneSimulator = AppStore|iPhoneSimulator
		Debug|Any CPU = Debug|Any CPU
		Debug|iPhone = Debug|iPhone
		Debug|iPhoneSimulator = Debug|iPhoneSimulator
		Release|Any CPU = Release|Any CPU
		Release|iPhone = Release|iPhone
		Release|iPhoneSimulator = Release|iPhoneSimulator
	EndGlobalSection
	GlobalSection(ProjectConfigurationPlatforms) = postSolution
		{4B5CE5EF-5C36-49F1-99F4-238210AB22A2}.Ad-Hoc|Any CPU.ActiveCfg = Release|Any CPU
		{4B5CE5EF-5C36-49F1-99F4-238210AB22A2}.Ad-Hoc|Any CPU.Build.0 = Release|Any CPU
		{4B5CE5EF-5C36-49F1-99F4-238210AB22A2}.Ad-Hoc|Any CPU.Deploy.0 = Release|Any CPU
		{4B5CE5EF-5C36-49F1-99F4-238210AB22A2}.Ad-Hoc|iPhone.ActiveCfg = Release|Any CPU
		{4B5CE5EF-5C36-49F1-99F4-238210AB22A2}.Ad-Hoc|iPhone.Build.0 = Release|Any CPU
		{4B5CE5EF-5C36-49F1-99F4-238210AB22A2}.Ad-Hoc|iPhone.Deploy.0 = Release|Any CPU
		{4B5CE5EF-5C36-49F1-99F4-238210AB22A2}.Ad-Hoc|iPhoneSimulator.ActiveCfg = Release|Any CPU
		{4B5CE5EF-5C36-49F1-99F4-238210AB22A2}.Ad-Hoc|iPhoneSimulator.Build.0 = Release|Any CPU
		{4B5CE5EF-5C36-49F1-99F4-238210AB22A2}.Ad-Hoc|iPhoneSimulator.Deploy.0 = Release|Any CPU
		{4B5CE5EF-5C36-49F1-99F4-238210AB22A2}.AppStore|Any CPU.ActiveCfg = Release|Any CPU
		{4B5CE5EF-5C36-49F1-99F4-238210AB22A2}.AppStore|Any CPU.Build.0 = Release|Any CPU
		{4B5CE5EF-5C36-49F1-99F4-238210AB22A2}.AppStore|Any CPU.Deploy.0 = Release|Any CPU
		{4B5CE5EF-5C36-49F1-99F4-238210AB22A2}.AppStore|iPhone.ActiveCfg = Release|Any CPU
		{4B5CE5EF-5C36-49F1-99F4-238210AB22A2}.AppStore|iPhone.Build.0 = Release|Any CPU
		{4B5CE5EF-5C36-49F1-99F4-238210AB22A2}.AppStore|iPhone.Deploy.0 = Release|Any CPU
		{4B5CE5EF-5C36-49F1-99F4-238210AB22A2}.AppStore|iPhoneSimulator.ActiveCfg = Release|Any CPU
		{4B5CE5EF-5C36-49F1-99F4-238210AB22A2}.AppStore|iPhoneSimulator.Build.0 = Release|Any CPU
		{4B5CE5EF-5C36-49F1-99F4-238210AB22A2}.AppStore|iPhoneSimulator.Deploy.0 = Release|Any CPU
		{4B5CE5EF-5C36-49F1-99F4-238210AB22A2}.Debug|Any CPU.ActiveCfg = Debug|Any CPU
		{4B5CE5EF-5C36-49F1-99F4-238210AB22A2}.Debug|Any CPU.Build.0 = Debug|Any CPU
		{4B5CE5EF-5C36-49F1-99F4-238210AB22A2}.Debug|Any CPU.Deploy.0 = Debug|Any CPU
		{4B5CE5EF-5C36-49F1-99F4-238210AB22A2}.Debug|iPhone.ActiveCfg = Debug|Any CPU
		{4B5CE5EF-5C36-49F1-99F4-238210AB22A2}.Debug|iPhone.Build.0 = Debug|Any CPU
		{4B5CE5EF-5C36-49F1-99F4-238210AB22A2}.Debug|iPhone.Deploy.0 = Debug|Any CPU
		{4B5CE5EF-5C36-49F1-99F4-238210AB22A2}.Debug|iPhoneSimulator.ActiveCfg = Debug|Any CPU
		{4B5CE5EF-5C36-49F1-99F4-238210AB22A2}.Debug|iPhoneSimulator.Build.0 = Debug|Any CPU
		{4B5CE5EF-5C36-49F1-99F4-238210AB22A2}.Debug|iPhoneSimulator.Deploy.0 = Debug|Any CPU
		{4B5CE5EF-5C36-49F1-99F4-238210AB22A2}.Release|Any CPU.ActiveCfg = Release|Any CPU
		{4B5CE5EF-5C36-49F1-99F4-238210AB22A2}.Release|Any CPU.Build.0 = Release|Any CPU
		{4B5CE5EF-5C36-49F1-99F4-238210AB22A2}.Release|Any CPU.Deploy.0 = Release|Any CPU
		{4B5CE5EF-5C36-49F1-99F4-238210AB22A2}.Release|iPhone.ActiveCfg = Release|Any CPU
		{4B5CE5EF-5C36-49F1-99F4-238210AB22A2}.Release|iPhone.Build.0 = Release|Any CPU
		{4B5CE5EF-5C36-49F1-99F4-238210AB22A2}.Release|iPhone.Deploy.0 = Release|Any CPU
		{4B5CE5EF-5C36-49F1-99F4-238210AB22A2}.Release|iPhoneSimulator.ActiveCfg = Release|Any CPU
		{4B5CE5EF-5C36-49F1-99F4-238210AB22A2}.Release|iPhoneSimulator.Build.0 = Release|Any CPU
		{4B5CE5EF-5C36-49F1-99F4-238210AB22A2}.Release|iPhoneSimulator.Deploy.0 = Release|Any CPU
		{8EB5478E-451B-48AF-95C9-5E56C02BA045}.Ad-Hoc|Any CPU.ActiveCfg = Release|Any CPU
		{8EB5478E-451B-48AF-95C9-5E56C02BA045}.Ad-Hoc|Any CPU.Build.0 = Release|Any CPU
		{8EB5478E-451B-48AF-95C9-5E56C02BA045}.Ad-Hoc|Any CPU.Deploy.0 = Release|Any CPU
		{8EB5478E-451B-48AF-95C9-5E56C02BA045}.Ad-Hoc|iPhone.ActiveCfg = Release|Any CPU
		{8EB5478E-451B-48AF-95C9-5E56C02BA045}.Ad-Hoc|iPhone.Build.0 = Release|Any CPU
		{8EB5478E-451B-48AF-95C9-5E56C02BA045}.Ad-Hoc|iPhone.Deploy.0 = Release|Any CPU
		{8EB5478E-451B-48AF-95C9-5E56C02BA045}.Ad-Hoc|iPhoneSimulator.ActiveCfg = Release|Any CPU
		{8EB5478E-451B-48AF-95C9-5E56C02BA045}.Ad-Hoc|iPhoneSimulator.Build.0 = Release|Any CPU
		{8EB5478E-451B-48AF-95C9-5E56C02BA045}.Ad-Hoc|iPhoneSimulator.Deploy.0 = Release|Any CPU
		{8EB5478E-451B-48AF-95C9-5E56C02BA045}.AppStore|Any CPU.ActiveCfg = Release|Any CPU
		{8EB5478E-451B-48AF-95C9-5E56C02BA045}.AppStore|Any CPU.Build.0 = Release|Any CPU
		{8EB5478E-451B-48AF-95C9-5E56C02BA045}.AppStore|Any CPU.Deploy.0 = Release|Any CPU
		{8EB5478E-451B-48AF-95C9-5E56C02BA045}.AppStore|iPhone.ActiveCfg = Release|Any CPU
		{8EB5478E-451B-48AF-95C9-5E56C02BA045}.AppStore|iPhone.Build.0 = Release|Any CPU
		{8EB5478E-451B-48AF-95C9-5E56C02BA045}.AppStore|iPhone.Deploy.0 = Release|Any CPU
		{8EB5478E-451B-48AF-95C9-5E56C02BA045}.AppStore|iPhoneSimulator.ActiveCfg = Release|Any CPU
		{8EB5478E-451B-48AF-95C9-5E56C02BA045}.AppStore|iPhoneSimulator.Build.0 = Release|Any CPU
		{8EB5478E-451B-48AF-95C9-5E56C02BA045}.AppStore|iPhoneSimulator.Deploy.0 = Release|Any CPU
		{8EB5478E-451B-48AF-95C9-5E56C02BA045}.Debug|Any CPU.ActiveCfg = Debug|Any CPU
		{8EB5478E-451B-48AF-95C9-5E56C02BA045}.Debug|Any CPU.Build.0 = Debug|Any CPU
		{8EB5478E-451B-48AF-95C9-5E56C02BA045}.Debug|Any CPU.Deploy.0 = Debug|Any CPU
		{8EB5478E-451B-48AF-95C9-5E56C02BA045}.Debug|iPhone.ActiveCfg = Debug|Any CPU
		{8EB5478E-451B-48AF-95C9-5E56C02BA045}.Debug|iPhone.Build.0 = Debug|Any CPU
		{8EB5478E-451B-48AF-95C9-5E56C02BA045}.Debug|iPhone.Deploy.0 = Debug|Any CPU
		{8EB5478E-451B-48AF-95C9-5E56C02BA045}.Debug|iPhoneSimulator.ActiveCfg = Debug|Any CPU
		{8EB5478E-451B-48AF-95C9-5E56C02BA045}.Debug|iPhoneSimulator.Build.0 = Debug|Any CPU
		{8EB5478E-451B-48AF-95C9-5E56C02BA045}.Debug|iPhoneSimulator.Deploy.0 = Debug|Any CPU
		{8EB5478E-451B-48AF-95C9-5E56C02BA045}.Release|Any CPU.ActiveCfg = Release|Any CPU
		{8EB5478E-451B-48AF-95C9-5E56C02BA045}.Release|Any CPU.Build.0 = Release|Any CPU
		{8EB5478E-451B-48AF-95C9-5E56C02BA045}.Release|Any CPU.Deploy.0 = Release|Any CPU
		{8EB5478E-451B-48AF-95C9-5E56C02BA045}.Release|iPhone.ActiveCfg = Release|Any CPU
		{8EB5478E-451B-48AF-95C9-5E56C02BA045}.Release|iPhone.Build.0 = Release|Any CPU
		{8EB5478E-451B-48AF-95C9-5E56C02BA045}.Release|iPhone.Deploy.0 = Release|Any CPU
		{8EB5478E-451B-48AF-95C9-5E56C02BA045}.Release|iPhoneSimulator.ActiveCfg = Release|Any CPU
		{8EB5478E-451B-48AF-95C9-5E56C02BA045}.Release|iPhoneSimulator.Build.0 = Release|Any CPU
		{8EB5478E-451B-48AF-95C9-5E56C02BA045}.Release|iPhoneSimulator.Deploy.0 = Release|Any CPU
		{E97791B2-FCA7-4808-B545-338D54D42EC4}.Ad-Hoc|Any CPU.ActiveCfg = Ad-Hoc|iPhone
		{E97791B2-FCA7-4808-B545-338D54D42EC4}.Ad-Hoc|Any CPU.Build.0 = Ad-Hoc|iPhone
		{E97791B2-FCA7-4808-B545-338D54D42EC4}.Ad-Hoc|Any CPU.Deploy.0 = Ad-Hoc|iPhone
		{E97791B2-FCA7-4808-B545-338D54D42EC4}.Ad-Hoc|iPhone.ActiveCfg = Ad-Hoc|iPhone
		{E97791B2-FCA7-4808-B545-338D54D42EC4}.Ad-Hoc|iPhone.Build.0 = Ad-Hoc|iPhone
		{E97791B2-FCA7-4808-B545-338D54D42EC4}.Ad-Hoc|iPhone.Deploy.0 = Ad-Hoc|iPhone
		{E97791B2-FCA7-4808-B545-338D54D42EC4}.Ad-Hoc|iPhoneSimulator.ActiveCfg = Ad-Hoc|iPhoneSimulator
		{E97791B2-FCA7-4808-B545-338D54D42EC4}.Ad-Hoc|iPhoneSimulator.Build.0 = Ad-Hoc|iPhoneSimulator
		{E97791B2-FCA7-4808-B545-338D54D42EC4}.Ad-Hoc|iPhoneSimulator.Deploy.0 = Ad-Hoc|iPhoneSimulator
		{E97791B2-FCA7-4808-B545-338D54D42EC4}.AppStore|Any CPU.ActiveCfg = AppStore|iPhone
		{E97791B2-FCA7-4808-B545-338D54D42EC4}.AppStore|Any CPU.Build.0 = AppStore|iPhone
		{E97791B2-FCA7-4808-B545-338D54D42EC4}.AppStore|Any CPU.Deploy.0 = AppStore|iPhone
		{E97791B2-FCA7-4808-B545-338D54D42EC4}.AppStore|iPhone.ActiveCfg = AppStore|iPhone
		{E97791B2-FCA7-4808-B545-338D54D42EC4}.AppStore|iPhone.Build.0 = AppStore|iPhone
		{E97791B2-FCA7-4808-B545-338D54D42EC4}.AppStore|iPhone.Deploy.0 = AppStore|iPhone
		{E97791B2-FCA7-4808-B545-338D54D42EC4}.AppStore|iPhoneSimulator.ActiveCfg = AppStore|iPhoneSimulator
		{E97791B2-FCA7-4808-B545-338D54D42EC4}.AppStore|iPhoneSimulator.Build.0 = AppStore|iPhoneSimulator
		{E97791B2-FCA7-4808-B545-338D54D42EC4}.AppStore|iPhoneSimulator.Deploy.0 = AppStore|iPhoneSimulator
		{E97791B2-FCA7-4808-B545-338D54D42EC4}.Debug|Any CPU.ActiveCfg = Debug|iPhoneSimulator
		{E97791B2-FCA7-4808-B545-338D54D42EC4}.Debug|Any CPU.Build.0 = Debug|iPhoneSimulator
		{E97791B2-FCA7-4808-B545-338D54D42EC4}.Debug|Any CPU.Deploy.0 = Debug|iPhoneSimulator
		{E97791B2-FCA7-4808-B545-338D54D42EC4}.Debug|iPhone.ActiveCfg = Debug|iPhone
		{E97791B2-FCA7-4808-B545-338D54D42EC4}.Debug|iPhone.Build.0 = Debug|iPhone
		{E97791B2-FCA7-4808-B545-338D54D42EC4}.Debug|iPhone.Deploy.0 = Debug|iPhone
		{E97791B2-FCA7-4808-B545-338D54D42EC4}.Debug|iPhoneSimulator.ActiveCfg = Debug|iPhoneSimulator
		{E97791B2-FCA7-4808-B545-338D54D42EC4}.Debug|iPhoneSimulator.Build.0 = Debug|iPhoneSimulator
		{E97791B2-FCA7-4808-B545-338D54D42EC4}.Debug|iPhoneSimulator.Deploy.0 = Debug|iPhoneSimulator
		{E97791B2-FCA7-4808-B545-338D54D42EC4}.Release|Any CPU.ActiveCfg = Release|iPhone
		{E97791B2-FCA7-4808-B545-338D54D42EC4}.Release|Any CPU.Build.0 = Release|iPhone
		{E97791B2-FCA7-4808-B545-338D54D42EC4}.Release|Any CPU.Deploy.0 = Release|iPhone
		{E97791B2-FCA7-4808-B545-338D54D42EC4}.Release|iPhone.ActiveCfg = Release|iPhone
		{E97791B2-FCA7-4808-B545-338D54D42EC4}.Release|iPhone.Build.0 = Release|iPhone
		{E97791B2-FCA7-4808-B545-338D54D42EC4}.Release|iPhone.Deploy.0 = Release|iPhone
		{E97791B2-FCA7-4808-B545-338D54D42EC4}.Release|iPhoneSimulator.ActiveCfg = Release|iPhoneSimulator
		{E97791B2-FCA7-4808-B545-338D54D42EC4}.Release|iPhoneSimulator.Build.0 = Release|iPhoneSimulator
		{E97791B2-FCA7-4808-B545-338D54D42EC4}.Release|iPhoneSimulator.Deploy.0 = Release|iPhoneSimulator
	EndGlobalSection
	GlobalSection(SolutionProperties) = preSolution
		HideSolutionNode = FALSE
	EndGlobalSection
	GlobalSection(ExtensibilityGlobals) = postSolution
		SolutionGuid = {9A0B907E-361F-44A5-9F66-1C1771DA3168}
	EndGlobalSection
EndGlobal
